{
  "nodes": {
    "nil_crypto3": {
      "inputs": {
        "nixpkgs": "nixpkgs"
      },
      "locked": {
        "lastModified": 1712603294,
        "narHash": "sha256-0L7ir0E+jFv9dxmLV6Vxlf+st6BNaJrhRXyNCK3xPsY=",
        "ref": "refs/heads/master",
        "rev": "13909af052a998c92d2a6a96e0bcfd21156aed72",
        "revCount": 701,
        "submodules": true,
        "type": "git",
        "url": "https://github.com/NilFoundation/crypto3"
      },
      "original": {
        "submodules": true,
        "type": "git",
        "url": "https://github.com/NilFoundation/crypto3"
      }
    },
    "nixpkgs": {
      "locked": {
        "lastModified": 1708831307,
        "narHash": "sha256-0iL/DuGjiUeck1zEaL+aIe2WvA3/cVhp/SlmTcOZXH4=",
        "owner": "NixOS",
        "repo": "nixpkgs",
        "rev": "5bf1cadb72ab4e77cb0b700dab76bcdaf88f706b",
        "type": "github"
      },
      "original": {
        "owner": "NixOS",
        "ref": "nixos-23.11",
        "repo": "nixpkgs",
        "type": "github"
      }
    },
    "nixpkgs_2": {
      "locked": {
        "lastModified": 1712741485,
        "narHash": "sha256-bCs0+MSTra80oXAsnM6Oq62WsirOIaijQ/BbUY59tR4=",
        "owner": "NixOS",
        "repo": "nixpkgs",
        "rev": "b2cf36f43f9ef2ded5711b30b1f393ac423d8f72",
        "type": "github"
      },
      "original": {
        "owner": "NixOS",
        "ref": "nixos-23.11",
        "repo": "nixpkgs",
        "type": "github"
      }
    },
    "root": {
      "inputs": {
        "nil_crypto3": "nil_crypto3",
        "nixpkgs": "nixpkgs_2"
      }
    }
  },
  "root": "root",
  "version": 7
}
