{
  "nodes": {
    "flake-utils": {
      "inputs": {
        "systems": "systems"
      },
      "locked": {
        "lastModified": 1710146030,
        "narHash": "sha256-SZ5L6eA7HJ/nmkzGG7/ISclqe6oZdOZTNoesiInkXPQ=",
        "owner": "numtide",
        "repo": "flake-utils",
        "rev": "b1d9ab70662946ef0850d488da1c9019f3a9752a",
        "type": "github"
      },
      "original": {
        "owner": "numtide",
        "repo": "flake-utils",
        "type": "github"
      }
    },
    "nix-3rdparty": {
      "inputs": {
        "flake-utils": [
          "flake-utils"
        ],
        "nixpkgs": [
          "nixpkgs"
        ]
      },
      "locked": {
        "lastModified": 1717519917,
        "narHash": "sha256-GqzEqEW4Uz9Z7uDZwers0t9seWRNbRWPNE3OJnjE1Uw=",
        "owner": "NilFoundation",
        "repo": "nix-3rdparty",
        "rev": "a2e45429aa25a4a6e8e362ef17df6f197312f224",
        "type": "github"
      },
      "original": {
        "owner": "NilFoundation",
        "repo": "nix-3rdparty",
        "type": "github"
      }
    },
    "nixpkgs": {
      "locked": {
        "lastModified": 1720038964,
        "narHash": "sha256-im/eyMVgBg5ZXT3QxyE9TM534OG0+D8CtiFbMrf0GpY=",
        "owner": "NixOS",
        "repo": "nixpkgs",
        "rev": "26d9cafa3461c8ec55a6aa7e76ec0f8db0737ff9",
        "type": "github"
      },
      "original": {
        "owner": "NixOS",
        "repo": "nixpkgs",
        "type": "github"
      }
    },
    "root": {
      "inputs": {
        "flake-utils": "flake-utils",
        "nix-3rdparty": "nix-3rdparty",
        "nixpkgs": "nixpkgs"
      }
    },
    "systems": {
      "locked": {
        "lastModified": 1681028828,
        "narHash": "sha256-Vy1rq5AaRuLzOxct8nz4T6wlgyUR7zLU309k9mBC768=",
        "owner": "nix-systems",
        "repo": "default",
        "rev": "da67096a3b9bf56a91d16901293e51ba5b49a27e",
        "type": "github"
      },
      "original": {
        "owner": "nix-systems",
        "repo": "default",
        "type": "github"
      }
    }
  },
  "root": "root",
  "version": 7
}
